
Microsoft Visual Studio Solution File, Format Version 12.00
# Visual Studio Version 17
VisualStudioVersion = 17.9.34728.123
MinimumVisualStudioVersion = 10.0.40219.1
Project("{FAE04EC0-301F-11D3-BF4B-00C04F79EFBC}") = "IdadeBissexto", "IdadeBissexto\IdadeBissexto.csproj", "{F6790F69-1368-4084-B72F-9F0B678C80D8}"
EndProject
Global
	GlobalSection(SolutionConfigurationPlatforms) = preSolution
		Debug|Any CPU = Debug|Any CPU
		Release|Any CPU = Release|Any CPU
	EndGlobalSection
	GlobalSection(ProjectConfigurationPlatforms) = postSolution
		{F6790F69-1368-4084-B72F-9F0B678C80D8}.Debug|Any CPU.ActiveCfg = Debug|Any CPU
		{F6790F69-1368-4084-B72F-9F0B678C80D8}.Debug|Any CPU.Build.0 = Debug|Any CPU
		{F6790F69-1368-4084-B72F-9F0B678C80D8}.Release|Any CPU.ActiveCfg = Release|Any CPU
		{F6790F69-1368-4084-B72F-9F0B678C80D8}.Release|Any CPU.Build.0 = Release|Any CPU
	EndGlobalSection
	GlobalSection(SolutionProperties) = preSolution
		HideSolutionNode = FALSE
	EndGlobalSection
	GlobalSection(ExtensibilityGlobals) = postSolution
		SolutionGuid = {62D6715F-9E9C-4344-AA78-649FC4E6BAF0}
	EndGlobalSection
EndGlobal
